
Microsoft Visual Studio Solution File, Format Version 12.00
# Visual Studio Version 17
VisualStudioVersion = 17.13.35919.96
MinimumVisualStudioVersion = 10.0.40219.1
Project("{FAE04EC0-301F-11D3-BF4B-00C04F79EFBC}") = "SoruCevapPortal", "SoruCevapPortal.csproj", "{8F632894-AFBB-4372-84B1-EA3C7EB5CECC}"
EndProject
Project("{FAE04EC0-301F-11D3-BF4B-00C04F79EFBC}") = "SoruCevapPortalUI", "..\SoruCevapPortalUI\SoruCevapPortalUI.csproj", "{E36181A9-225A-477A-8675-6DFC08A681B7}"
EndProject
Global
	GlobalSection(SolutionConfigurationPlatforms) = preSolution
		Debug|Any CPU = Debug|Any CPU
		Release|Any CPU = Release|Any CPU
	EndGlobalSection
	GlobalSection(ProjectConfigurationPlatforms) = postSolution
		{8F632894-AFBB-4372-84B1-EA3C7EB5CECC}.Debug|Any CPU.ActiveCfg = Debug|Any CPU
		{8F632894-AFBB-4372-84B1-EA3C7EB5CECC}.Debug|Any CPU.Build.0 = Debug|Any CPU
		{8F632894-AFBB-4372-84B1-EA3C7EB5CECC}.Release|Any CPU.ActiveCfg = Release|Any CPU
		{8F632894-AFBB-4372-84B1-EA3C7EB5CECC}.Release|Any CPU.Build.0 = Release|Any CPU
		{E36181A9-225A-477A-8675-6DFC08A681B7}.Debug|Any CPU.ActiveCfg = Debug|Any CPU
		{E36181A9-225A-477A-8675-6DFC08A681B7}.Debug|Any CPU.Build.0 = Debug|Any CPU
		{E36181A9-225A-477A-8675-6DFC08A681B7}.Release|Any CPU.ActiveCfg = Release|Any CPU
		{E36181A9-225A-477A-8675-6DFC08A681B7}.Release|Any CPU.Build.0 = Release|Any CPU
	EndGlobalSection
	GlobalSection(SolutionProperties) = preSolution
		HideSolutionNode = FALSE
	EndGlobalSection
	GlobalSection(ExtensibilityGlobals) = postSolution
		SolutionGuid = {E4830C77-44F6-4123-9916-9A2100AEDB77}
	EndGlobalSection
EndGlobal
